
Microsoft Visual Studio Solution File, Format Version 11.00
# Visual Studio 2010
Project("{FAE04EC0-301F-11D3-BF4B-00C04F79EFBC}") = "SportsStore.Domain", "SportsStore.Domain\SportsStore.Domain.csproj", "{EDD2E932-A786-49BC-B7BC-E6B69E763042}"
EndProject
Project("{FAE04EC0-301F-11D3-BF4B-00C04F79EFBC}") = "SportsStore.UnitTests", "SportsStore.UnitTests\SportsStore.UnitTests.csproj", "{5BDD893B-8A7E-40A5-B7C5-5C890357C38C}"
EndProject
Project("{2150E333-8FDC-42A3-9474-1A3956D46DE8}") = "Solution Items", "Solution Items", "{F19CDEF7-10B5-407A-9024-C7EE6E8912FD}"
	ProjectSection(SolutionItems) = preProject
		Local.testsettings = Local.testsettings
		SportsStore.vsmdi = SportsStore.vsmdi
		TraceAndTestImpact.testsettings = TraceAndTestImpact.testsettings
	EndProjectSection
EndProject
Project("{FAE04EC0-301F-11D3-BF4B-00C04F79EFBC}") = "SportsStore.WebUI", "SportsStore.WebUI\SportsStore.WebUI.csproj", "{D7945725-4B04-4ABC-83E2-44EA9FD07245}"
EndProject
Global
	GlobalSection(TestCaseManagementSettings) = postSolution
		CategoryFile = SportsStore.vsmdi
	EndGlobalSection
	GlobalSection(SolutionConfigurationPlatforms) = preSolution
		Debug|Any CPU = Debug|Any CPU
		Release|Any CPU = Release|Any CPU
	EndGlobalSection
	GlobalSection(ProjectConfigurationPlatforms) = postSolution
		{EDD2E932-A786-49BC-B7BC-E6B69E763042}.Debug|Any CPU.ActiveCfg = Debug|Any CPU
		{EDD2E932-A786-49BC-B7BC-E6B69E763042}.Debug|Any CPU.Build.0 = Debug|Any CPU
		{EDD2E932-A786-49BC-B7BC-E6B69E763042}.Release|Any CPU.ActiveCfg = Release|Any CPU
		{EDD2E932-A786-49BC-B7BC-E6B69E763042}.Release|Any CPU.Build.0 = Release|Any CPU
		{5BDD893B-8A7E-40A5-B7C5-5C890357C38C}.Debug|Any CPU.ActiveCfg = Debug|Any CPU
		{5BDD893B-8A7E-40A5-B7C5-5C890357C38C}.Debug|Any CPU.Build.0 = Debug|Any CPU
		{5BDD893B-8A7E-40A5-B7C5-5C890357C38C}.Release|Any CPU.ActiveCfg = Release|Any CPU
		{5BDD893B-8A7E-40A5-B7C5-5C890357C38C}.Release|Any CPU.Build.0 = Release|Any CPU
		{D7945725-4B04-4ABC-83E2-44EA9FD07245}.Debug|Any CPU.ActiveCfg = Debug|Any CPU
		{D7945725-4B04-4ABC-83E2-44EA9FD07245}.Debug|Any CPU.Build.0 = Debug|Any CPU
		{D7945725-4B04-4ABC-83E2-44EA9FD07245}.Release|Any CPU.ActiveCfg = Release|Any CPU
		{D7945725-4B04-4ABC-83E2-44EA9FD07245}.Release|Any CPU.Build.0 = Release|Any CPU
	EndGlobalSection
	GlobalSection(SolutionProperties) = preSolution
		HideSolutionNode = FALSE
	EndGlobalSection
EndGlobal
