
Microsoft Visual Studio Solution File, Format Version 11.00
# Visual Studio 2010
Project("{FAE04EC0-301F-11D3-BF4B-00C04F79EFBC}") = "ProductApp", "ProductApp\ProductApp.csproj", "{8D38036C-1F91-449E-9C0B-B54D616358E4}"
EndProject
Project("{FAE04EC0-301F-11D3-BF4B-00C04F79EFBC}") = "ProductApp.Test", "ProductApp.Test\ProductApp.Test.csproj", "{2C306CDE-42F0-43D2-B756-7DC0AF7440E2}"
EndProject
Project("{2150E333-8FDC-42A3-9474-1A3956D46DE8}") = "Solution Items", "Solution Items", "{14A0E854-0F5F-4C76-BE28-4BF7302A89DA}"
	ProjectSection(SolutionItems) = preProject
		Local.testsettings = Local.testsettings
		TraceAndTestImpact.testsettings = TraceAndTestImpact.testsettings
	EndProjectSection
EndProject
Global
	GlobalSection(SolutionConfigurationPlatforms) = preSolution
		Debug|Any CPU = Debug|Any CPU
		Debug|Mixed Platforms = Debug|Mixed Platforms
		Debug|x86 = Debug|x86
		Release|Any CPU = Release|Any CPU
		Release|Mixed Platforms = Release|Mixed Platforms
		Release|x86 = Release|x86
	EndGlobalSection
	GlobalSection(ProjectConfigurationPlatforms) = postSolution
		{8D38036C-1F91-449E-9C0B-B54D616358E4}.Debug|Any CPU.ActiveCfg = Debug|x86
		{8D38036C-1F91-449E-9C0B-B54D616358E4}.Debug|Mixed Platforms.ActiveCfg = Debug|x86
		{8D38036C-1F91-449E-9C0B-B54D616358E4}.Debug|Mixed Platforms.Build.0 = Debug|x86
		{8D38036C-1F91-449E-9C0B-B54D616358E4}.Debug|x86.ActiveCfg = Debug|x86
		{8D38036C-1F91-449E-9C0B-B54D616358E4}.Debug|x86.Build.0 = Debug|x86
		{8D38036C-1F91-449E-9C0B-B54D616358E4}.Release|Any CPU.ActiveCfg = Release|x86
		{8D38036C-1F91-449E-9C0B-B54D616358E4}.Release|Mixed Platforms.ActiveCfg = Release|x86
		{8D38036C-1F91-449E-9C0B-B54D616358E4}.Release|Mixed Platforms.Build.0 = Release|x86
		{8D38036C-1F91-449E-9C0B-B54D616358E4}.Release|x86.ActiveCfg = Release|x86
		{8D38036C-1F91-449E-9C0B-B54D616358E4}.Release|x86.Build.0 = Release|x86
		{2C306CDE-42F0-43D2-B756-7DC0AF7440E2}.Debug|Any CPU.ActiveCfg = Debug|Any CPU
		{2C306CDE-42F0-43D2-B756-7DC0AF7440E2}.Debug|Any CPU.Build.0 = Debug|Any CPU
		{2C306CDE-42F0-43D2-B756-7DC0AF7440E2}.Debug|Mixed Platforms.ActiveCfg = Debug|Any CPU
		{2C306CDE-42F0-43D2-B756-7DC0AF7440E2}.Debug|Mixed Platforms.Build.0 = Debug|Any CPU
		{2C306CDE-42F0-43D2-B756-7DC0AF7440E2}.Debug|x86.ActiveCfg = Debug|Any CPU
		{2C306CDE-42F0-43D2-B756-7DC0AF7440E2}.Release|Any CPU.ActiveCfg = Release|Any CPU
		{2C306CDE-42F0-43D2-B756-7DC0AF7440E2}.Release|Any CPU.Build.0 = Release|Any CPU
		{2C306CDE-42F0-43D2-B756-7DC0AF7440E2}.Release|Mixed Platforms.ActiveCfg = Release|Any CPU
		{2C306CDE-42F0-43D2-B756-7DC0AF7440E2}.Release|Mixed Platforms.Build.0 = Release|Any CPU
		{2C306CDE-42F0-43D2-B756-7DC0AF7440E2}.Release|x86.ActiveCfg = Release|Any CPU
	EndGlobalSection
	GlobalSection(SolutionProperties) = preSolution
		HideSolutionNode = FALSE
	EndGlobalSection
EndGlobal
